
Microsoft Visual Studio Solution File, Format Version 12.00
Project("{FAE04EC0-301F-11D3-BF4B-00C04F79EFBC}") = "controlWork_9", "controlWork_9\controlWork_9.csproj", "{7495B73E-A34B-4139-9F9A-86E975DC43A6}"
EndProject
Global
	GlobalSection(SolutionConfigurationPlatforms) = preSolution
		Debug|Any CPU = Debug|Any CPU
		Release|Any CPU = Release|Any CPU
	EndGlobalSection
	GlobalSection(ProjectConfigurationPlatforms) = postSolution
		{7495B73E-A34B-4139-9F9A-86E975DC43A6}.Debug|Any CPU.ActiveCfg = Debug|Any CPU
		{7495B73E-A34B-4139-9F9A-86E975DC43A6}.Debug|Any CPU.Build.0 = Debug|Any CPU
		{7495B73E-A34B-4139-9F9A-86E975DC43A6}.Release|Any CPU.ActiveCfg = Release|Any CPU
		{7495B73E-A34B-4139-9F9A-86E975DC43A6}.Release|Any CPU.Build.0 = Release|Any CPU
	EndGlobalSection
EndGlobal
